{
  "name": "Bookmarkmanager",
  "lockfileVersion": 2,
  "requires": true,
  "packages": {
    "": {
      "dependencies": {
        "simple-react-validator": "^1.6.2"
      }
    },
    "node_modules/simple-react-validator": {
      "version": "1.6.2",
      "resolved": "https://registry.npmjs.org/simple-react-validator/-/simple-react-validator-1.6.2.tgz",
      "integrity": "sha512-49KhaVh7wXTANXKuvLtRebK1RKTBi3Cu/7jf8ssBdL+9ShZOfW74nkPWK+AFj4NApSYpYozMQ27ZybE630SNVA=="
    }
  },
  "dependencies": {
    "simple-react-validator": {
      "version": "1.6.2",
      "resolved": "https://registry.npmjs.org/simple-react-validator/-/simple-react-validator-1.6.2.tgz",
      "integrity": "sha512-49KhaVh7wXTANXKuvLtRebK1RKTBi3Cu/7jf8ssBdL+9ShZOfW74nkPWK+AFj4NApSYpYozMQ27ZybE630SNVA=="
    }
  }
}
